
Microsoft Visual Studio Solution File, Format Version 12.00
# Visual Studio 15
VisualStudioVersion = 15.0.26124.0
MinimumVisualStudioVersion = 15.0.26124.0
Project("{9A19103F-16F7-4668-BE54-9A1E7A4F7556}") = "R5T.D0046.Construction", "R5T.D0046.Construction\R5T.D0046.Construction.csproj", "{1D5F21D8-974D-479F-9537-BE91AD0A406F}"
EndProject
Project("{9A19103F-16F7-4668-BE54-9A1E7A4F7556}") = "R5T.D0046", "R5T.D0046\R5T.D0046.csproj", "{F3A303E5-CF1F-4B37-A011-36AF028FD324}"
EndProject
Project("{FAE04EC0-301F-11D3-BF4B-00C04F79EFBC}") = "R5T.D0046.Base", "R5T.D0046.Base\R5T.D0046.Base.csproj", "{18E937A1-90AA-43DC-B792-3E1976E7F80C}"
EndProject
Project("{2150E333-8FDC-42A3-9474-1A3956D46DE8}") = "_Dependencies", "_Dependencies", "{712F0ACB-6CC3-442B-98F0-2F9A964CB774}"
EndProject
Project("{9A19103F-16F7-4668-BE54-9A1E7A4F7556}") = "R5T.Aalborg", "..\..\R5T.Aalborg\source\R5T.Aalborg\R5T.Aalborg.csproj", "{667C1D31-B097-496E-AB4E-A3CC20F1461D}"
EndProject
Project("{FAE04EC0-301F-11D3-BF4B-00C04F79EFBC}") = "R5T.D0046.Default", "R5T.D0046.Default\R5T.D0046.Default.csproj", "{0F1939E3-FEDE-41D8-B46E-4B7E552D4BFD}"
EndProject
Project("{9A19103F-16F7-4668-BE54-9A1E7A4F7556}") = "R5T.Dacia.Extensions", "..\..\R5T.Dacia.Extensions\source\R5T.Dacia.Extensions\R5T.Dacia.Extensions.csproj", "{FEFC65EC-DECF-4D5C-9B4D-E2DE32960ED7}"
EndProject
Project("{9A19103F-16F7-4668-BE54-9A1E7A4F7556}") = "R5T.Dacia", "..\..\R5T.Dacia\source\R5T.Dacia\R5T.Dacia.csproj", "{E10760C3-D128-43AF-A323-E838E2BF1146}"
EndProject
Project("{9A19103F-16F7-4668-BE54-9A1E7A4F7556}") = "R5T.Polidea.Base", "..\..\R5T.Polidea\source\R5T.Polidea.Base\R5T.Polidea.Base.csproj", "{7EBB00FB-9F54-4938-994D-EAEC1DAF31B4}"
EndProject
Project("{9A19103F-16F7-4668-BE54-9A1E7A4F7556}") = "R5T.Polidea", "..\..\R5T.Polidea\source\R5T.Polidea\R5T.Polidea.csproj", "{A5ED7A4D-2140-4086-8476-A0E4C64CB98D}"
EndProject
Project("{FAE04EC0-301F-11D3-BF4B-00C04F79EFBC}") = "R5T.D0046.Standard", "R5T.D0046.Standard\R5T.D0046.Standard.csproj", "{5C1BD760-22EB-42A8-A35C-6992E5AF3644}"
EndProject
Project("{9A19103F-16F7-4668-BE54-9A1E7A4F7556}") = "R5T.Polidea.Standard", "..\..\R5T.Polidea\source\R5T.Polidea.Standard\R5T.Polidea.Standard.csproj", "{B26E1166-E451-41C4-8F28-C1DABAC61188}"
EndProject
Project("{9A19103F-16F7-4668-BE54-9A1E7A4F7556}") = "R5T.Polidea.Sardinia", "..\..\R5T.Polidea.Sardinia\source\R5T.Polidea.Sardinia\R5T.Polidea.Sardinia.csproj", "{8C4AB730-79E8-4D71-B389-A6994E77D1CF}"
EndProject
Project("{9A19103F-16F7-4668-BE54-9A1E7A4F7556}") = "R5T.Sardinia", "..\..\R5T.Sardinia\source\R5T.Sardinia\R5T.Sardinia.csproj", "{0C90618B-F942-4727-BCA0-EF91C53DBF58}"
EndProject
Project("{9A19103F-16F7-4668-BE54-9A1E7A4F7556}") = "R5T.Exeter", "..\..\R5T.Exeter\source\R5T.Exeter\R5T.Exeter.csproj", "{F887ED09-D247-40FB-A751-A8F54AE1DB99}"
EndProject
Project("{9A19103F-16F7-4668-BE54-9A1E7A4F7556}") = "R5T.Chamavia.Extensions", "..\..\R5T.Chamavia.Extensions\source\R5T.Chamavia.Extensions\R5T.Chamavia.Extensions.csproj", "{B9DBAC37-B494-4DF3-8862-2B0A499AE306}"
EndProject
Project("{9A19103F-16F7-4668-BE54-9A1E7A4F7556}") = "R5T.Chamavia", "..\..\R5T.Chamavia\source\R5T.Chamavia\R5T.Chamavia.csproj", "{3B07D2C4-47AC-4A8F-9742-DA47A7532AE2}"
EndProject
Project("{9A19103F-16F7-4668-BE54-9A1E7A4F7556}") = "R5T.Langobard.Extensions", "..\..\R5T.Langobard.Extensions\source\R5T.Langobard.Extensions\R5T.Langobard.Extensions.csproj", "{423E5985-9184-40BD-ABC8-E8C1FEFB8728}"
EndProject
Project("{9A19103F-16F7-4668-BE54-9A1E7A4F7556}") = "R5T.Langobard", "..\..\R5T.Langobard\source\R5T.Langobard\R5T.Langobard.csproj", "{B7B31A67-1AC8-44A6-BD5D-6BEB45CDEEA2}"
EndProject
Project("{9A19103F-16F7-4668-BE54-9A1E7A4F7556}") = "R5T.Opatia", "..\..\R5T.Opatia\source\R5T.Opatia\R5T.Opatia.csproj", "{A3D62154-2E42-40A8-A858-9C9AD0CC7107}"
EndProject
Project("{9A19103F-16F7-4668-BE54-9A1E7A4F7556}") = "R5T.Polidea.Suebia", "..\..\R5T.Polidea.Suebia\source\R5T.Polidea.Suebia\R5T.Polidea.Suebia.csproj", "{9E12DBDA-FF11-46D4-9261-3011BC52CE66}"
EndProject
Project("{9A19103F-16F7-4668-BE54-9A1E7A4F7556}") = "R5T.Suebia.Extensions", "..\..\R5T.Suebia.Extensions\source\R5T.Suebia.Extensions\R5T.Suebia.Extensions.csproj", "{BD850DDE-0C47-4B83-B56B-6D3D522E9F65}"
EndProject
Project("{9A19103F-16F7-4668-BE54-9A1E7A4F7556}") = "R5T.Suebia.Base", "..\..\R5T.Suebia.Base\source\R5T.Suebia.Base\R5T.Suebia.Base.csproj", "{FC1D04EC-9461-403C-A32F-2C0CBCA9E445}"
EndProject
Project("{9A19103F-16F7-4668-BE54-9A1E7A4F7556}") = "R5T.Polidea.Default", "..\..\R5T.Polidea\source\R5T.Polidea.Default\R5T.Polidea.Default.csproj", "{41BC86E4-FB94-442A-8445-2E34EC0D5596}"
EndProject
Global
	GlobalSection(SolutionConfigurationPlatforms) = preSolution
		Debug|Any CPU = Debug|Any CPU
		Debug|x64 = Debug|x64
		Debug|x86 = Debug|x86
		Release|Any CPU = Release|Any CPU
		Release|x64 = Release|x64
		Release|x86 = Release|x86
	EndGlobalSection
	GlobalSection(ProjectConfigurationPlatforms) = postSolution
		{1D5F21D8-974D-479F-9537-BE91AD0A406F}.Debug|Any CPU.ActiveCfg = Debug|Any CPU
		{1D5F21D8-974D-479F-9537-BE91AD0A406F}.Debug|Any CPU.Build.0 = Debug|Any CPU
		{1D5F21D8-974D-479F-9537-BE91AD0A406F}.Debug|x64.ActiveCfg = Debug|Any CPU
		{1D5F21D8-974D-479F-9537-BE91AD0A406F}.Debug|x64.Build.0 = Debug|Any CPU
		{1D5F21D8-974D-479F-9537-BE91AD0A406F}.Debug|x86.ActiveCfg = Debug|Any CPU
		{1D5F21D8-974D-479F-9537-BE91AD0A406F}.Debug|x86.Build.0 = Debug|Any CPU
		{1D5F21D8-974D-479F-9537-BE91AD0A406F}.Release|Any CPU.ActiveCfg = Release|Any CPU
		{1D5F21D8-974D-479F-9537-BE91AD0A406F}.Release|Any CPU.Build.0 = Release|Any CPU
		{1D5F21D8-974D-479F-9537-BE91AD0A406F}.Release|x64.ActiveCfg = Release|Any CPU
		{1D5F21D8-974D-479F-9537-BE91AD0A406F}.Release|x64.Build.0 = Release|Any CPU
		{1D5F21D8-974D-479F-9537-BE91AD0A406F}.Release|x86.ActiveCfg = Release|Any CPU
		{1D5F21D8-974D-479F-9537-BE91AD0A406F}.Release|x86.Build.0 = Release|Any CPU
		{F3A303E5-CF1F-4B37-A011-36AF028FD324}.Debug|Any CPU.ActiveCfg = Debug|Any CPU
		{F3A303E5-CF1F-4B37-A011-36AF028FD324}.Debug|Any CPU.Build.0 = Debug|Any CPU
		{F3A303E5-CF1F-4B37-A011-36AF028FD324}.Debug|x64.ActiveCfg = Debug|Any CPU
		{F3A303E5-CF1F-4B37-A011-36AF028FD324}.Debug|x64.Build.0 = Debug|Any CPU
		{F3A303E5-CF1F-4B37-A011-36AF028FD324}.Debug|x86.ActiveCfg = Debug|Any CPU
		{F3A303E5-CF1F-4B37-A011-36AF028FD324}.Debug|x86.Build.0 = Debug|Any CPU
		{F3A303E5-CF1F-4B37-A011-36AF028FD324}.Release|Any CPU.ActiveCfg = Release|Any CPU
		{F3A303E5-CF1F-4B37-A011-36AF028FD324}.Release|Any CPU.Build.0 = Release|Any CPU
		{F3A303E5-CF1F-4B37-A011-36AF028FD324}.Release|x64.ActiveCfg = Release|Any CPU
		{F3A303E5-CF1F-4B37-A011-36AF028FD324}.Release|x64.Build.0 = Release|Any CPU
		{F3A303E5-CF1F-4B37-A011-36AF028FD324}.Release|x86.ActiveCfg = Release|Any CPU
		{F3A303E5-CF1F-4B37-A011-36AF028FD324}.Release|x86.Build.0 = Release|Any CPU
		{18E937A1-90AA-43DC-B792-3E1976E7F80C}.Debug|Any CPU.ActiveCfg = Debug|Any CPU
		{18E937A1-90AA-43DC-B792-3E1976E7F80C}.Debug|Any CPU.Build.0 = Debug|Any CPU
		{18E937A1-90AA-43DC-B792-3E1976E7F80C}.Debug|x64.ActiveCfg = Debug|Any CPU
		{18E937A1-90AA-43DC-B792-3E1976E7F80C}.Debug|x64.Build.0 = Debug|Any CPU
		{18E937A1-90AA-43DC-B792-3E1976E7F80C}.Debug|x86.ActiveCfg = Debug|Any CPU
		{18E937A1-90AA-43DC-B792-3E1976E7F80C}.Debug|x86.Build.0 = Debug|Any CPU
		{18E937A1-90AA-43DC-B792-3E1976E7F80C}.Release|Any CPU.ActiveCfg = Release|Any CPU
		{18E937A1-90AA-43DC-B792-3E1976E7F80C}.Release|Any CPU.Build.0 = Release|Any CPU
		{18E937A1-90AA-43DC-B792-3E1976E7F80C}.Release|x64.ActiveCfg = Release|Any CPU
		{18E937A1-90AA-43DC-B792-3E1976E7F80C}.Release|x64.Build.0 = Release|Any CPU
		{18E937A1-90AA-43DC-B792-3E1976E7F80C}.Release|x86.ActiveCfg = Release|Any CPU
		{18E937A1-90AA-43DC-B792-3E1976E7F80C}.Release|x86.Build.0 = Release|Any CPU
		{667C1D31-B097-496E-AB4E-A3CC20F1461D}.Debug|Any CPU.ActiveCfg = Debug|Any CPU
		{667C1D31-B097-496E-AB4E-A3CC20F1461D}.Debug|Any CPU.Build.0 = Debug|Any CPU
		{667C1D31-B097-496E-AB4E-A3CC20F1461D}.Debug|x64.ActiveCfg = Debug|Any CPU
		{667C1D31-B097-496E-AB4E-A3CC20F1461D}.Debug|x64.Build.0 = Debug|Any CPU
		{667C1D31-B097-496E-AB4E-A3CC20F1461D}.Debug|x86.ActiveCfg = Debug|Any CPU
		{667C1D31-B097-496E-AB4E-A3CC20F1461D}.Debug|x86.Build.0 = Debug|Any CPU
		{667C1D31-B097-496E-AB4E-A3CC20F1461D}.Release|Any CPU.ActiveCfg = Release|Any CPU
		{667C1D31-B097-496E-AB4E-A3CC20F1461D}.Release|Any CPU.Build.0 = Release|Any CPU
		{667C1D31-B097-496E-AB4E-A3CC20F1461D}.Release|x64.ActiveCfg = Release|Any CPU
		{667C1D31-B097-496E-AB4E-A3CC20F1461D}.Release|x64.Build.0 = Release|Any CPU
		{667C1D31-B097-496E-AB4E-A3CC20F1461D}.Release|x86.ActiveCfg = Release|Any CPU
		{667C1D31-B097-496E-AB4E-A3CC20F1461D}.Release|x86.Build.0 = Release|Any CPU
		{0F1939E3-FEDE-41D8-B46E-4B7E552D4BFD}.Debug|Any CPU.ActiveCfg = Debug|Any CPU
		{0F1939E3-FEDE-41D8-B46E-4B7E552D4BFD}.Debug|Any CPU.Build.0 = Debug|Any CPU
		{0F1939E3-FEDE-41D8-B46E-4B7E552D4BFD}.Debug|x64.ActiveCfg = Debug|Any CPU
		{0F1939E3-FEDE-41D8-B46E-4B7E552D4BFD}.Debug|x64.Build.0 = Debug|Any CPU
		{0F1939E3-FEDE-41D8-B46E-4B7E552D4BFD}.Debug|x86.ActiveCfg = Debug|Any CPU
		{0F1939E3-FEDE-41D8-B46E-4B7E552D4BFD}.Debug|x86.Build.0 = Debug|Any CPU
		{0F1939E3-FEDE-41D8-B46E-4B7E552D4BFD}.Release|Any CPU.ActiveCfg = Release|Any CPU
		{0F1939E3-FEDE-41D8-B46E-4B7E552D4BFD}.Release|Any CPU.Build.0 = Release|Any CPU
		{0F1939E3-FEDE-41D8-B46E-4B7E552D4BFD}.Release|x64.ActiveCfg = Release|Any CPU
		{0F1939E3-FEDE-41D8-B46E-4B7E552D4BFD}.Release|x64.Build.0 = Release|Any CPU
		{0F1939E3-FEDE-41D8-B46E-4B7E552D4BFD}.Release|x86.ActiveCfg = Release|Any CPU
		{0F1939E3-FEDE-41D8-B46E-4B7E552D4BFD}.Release|x86.Build.0 = Release|Any CPU
		{FEFC65EC-DECF-4D5C-9B4D-E2DE32960ED7}.Debug|Any CPU.ActiveCfg = Debug|Any CPU
		{FEFC65EC-DECF-4D5C-9B4D-E2DE32960ED7}.Debug|Any CPU.Build.0 = Debug|Any CPU
		{FEFC65EC-DECF-4D5C-9B4D-E2DE32960ED7}.Debug|x64.ActiveCfg = Debug|Any CPU
		{FEFC65EC-DECF-4D5C-9B4D-E2DE32960ED7}.Debug|x64.Build.0 = Debug|Any CPU
		{FEFC65EC-DECF-4D5C-9B4D-E2DE32960ED7}.Debug|x86.ActiveCfg = Debug|Any CPU
		{FEFC65EC-DECF-4D5C-9B4D-E2DE32960ED7}.Debug|x86.Build.0 = Debug|Any CPU
		{FEFC65EC-DECF-4D5C-9B4D-E2DE32960ED7}.Release|Any CPU.ActiveCfg = Release|Any CPU
		{FEFC65EC-DECF-4D5C-9B4D-E2DE32960ED7}.Release|Any CPU.Build.0 = Release|Any CPU
		{FEFC65EC-DECF-4D5C-9B4D-E2DE32960ED7}.Release|x64.ActiveCfg = Release|Any CPU
		{FEFC65EC-DECF-4D5C-9B4D-E2DE32960ED7}.Release|x64.Build.0 = Release|Any CPU
		{FEFC65EC-DECF-4D5C-9B4D-E2DE32960ED7}.Release|x86.ActiveCfg = Release|Any CPU
		{FEFC65EC-DECF-4D5C-9B4D-E2DE32960ED7}.Release|x86.Build.0 = Release|Any CPU
		{E10760C3-D128-43AF-A323-E838E2BF1146}.Debug|Any CPU.ActiveCfg = Debug|Any CPU
		{E10760C3-D128-43AF-A323-E838E2BF1146}.Debug|Any CPU.Build.0 = Debug|Any CPU
		{E10760C3-D128-43AF-A323-E838E2BF1146}.Debug|x64.ActiveCfg = Debug|Any CPU
		{E10760C3-D128-43AF-A323-E838E2BF1146}.Debug|x64.Build.0 = Debug|Any CPU
		{E10760C3-D128-43AF-A323-E838E2BF1146}.Debug|x86.ActiveCfg = Debug|Any CPU
		{E10760C3-D128-43AF-A323-E838E2BF1146}.Debug|x86.Build.0 = Debug|Any CPU
		{E10760C3-D128-43AF-A323-E838E2BF1146}.Release|Any CPU.ActiveCfg = Release|Any CPU
		{E10760C3-D128-43AF-A323-E838E2BF1146}.Release|Any CPU.Build.0 = Release|Any CPU
		{E10760C3-D128-43AF-A323-E838E2BF1146}.Release|x64.ActiveCfg = Release|Any CPU
		{E10760C3-D128-43AF-A323-E838E2BF1146}.Release|x64.Build.0 = Release|Any CPU
		{E10760C3-D128-43AF-A323-E838E2BF1146}.Release|x86.ActiveCfg = Release|Any CPU
		{E10760C3-D128-43AF-A323-E838E2BF1146}.Release|x86.Build.0 = Release|Any CPU
		{7EBB00FB-9F54-4938-994D-EAEC1DAF31B4}.Debug|Any CPU.ActiveCfg = Debug|Any CPU
		{7EBB00FB-9F54-4938-994D-EAEC1DAF31B4}.Debug|Any CPU.Build.0 = Debug|Any CPU
		{7EBB00FB-9F54-4938-994D-EAEC1DAF31B4}.Debug|x64.ActiveCfg = Debug|Any CPU
		{7EBB00FB-9F54-4938-994D-EAEC1DAF31B4}.Debug|x64.Build.0 = Debug|Any CPU
		{7EBB00FB-9F54-4938-994D-EAEC1DAF31B4}.Debug|x86.ActiveCfg = Debug|Any CPU
		{7EBB00FB-9F54-4938-994D-EAEC1DAF31B4}.Debug|x86.Build.0 = Debug|Any CPU
		{7EBB00FB-9F54-4938-994D-EAEC1DAF31B4}.Release|Any CPU.ActiveCfg = Release|Any CPU
		{7EBB00FB-9F54-4938-994D-EAEC1DAF31B4}.Release|Any CPU.Build.0 = Release|Any CPU
		{7EBB00FB-9F54-4938-994D-EAEC1DAF31B4}.Release|x64.ActiveCfg = Release|Any CPU
		{7EBB00FB-9F54-4938-994D-EAEC1DAF31B4}.Release|x64.Build.0 = Release|Any CPU
		{7EBB00FB-9F54-4938-994D-EAEC1DAF31B4}.Release|x86.ActiveCfg = Release|Any CPU
		{7EBB00FB-9F54-4938-994D-EAEC1DAF31B4}.Release|x86.Build.0 = Release|Any CPU
		{A5ED7A4D-2140-4086-8476-A0E4C64CB98D}.Debug|Any CPU.ActiveCfg = Debug|Any CPU
		{A5ED7A4D-2140-4086-8476-A0E4C64CB98D}.Debug|Any CPU.Build.0 = Debug|Any CPU
		{A5ED7A4D-2140-4086-8476-A0E4C64CB98D}.Debug|x64.ActiveCfg = Debug|Any CPU
		{A5ED7A4D-2140-4086-8476-A0E4C64CB98D}.Debug|x64.Build.0 = Debug|Any CPU
		{A5ED7A4D-2140-4086-8476-A0E4C64CB98D}.Debug|x86.ActiveCfg = Debug|Any CPU
		{A5ED7A4D-2140-4086-8476-A0E4C64CB98D}.Debug|x86.Build.0 = Debug|Any CPU
		{A5ED7A4D-2140-4086-8476-A0E4C64CB98D}.Release|Any CPU.ActiveCfg = Release|Any CPU
		{A5ED7A4D-2140-4086-8476-A0E4C64CB98D}.Release|Any CPU.Build.0 = Release|Any CPU
		{A5ED7A4D-2140-4086-8476-A0E4C64CB98D}.Release|x64.ActiveCfg = Release|Any CPU
		{A5ED7A4D-2140-4086-8476-A0E4C64CB98D}.Release|x64.Build.0 = Release|Any CPU
		{A5ED7A4D-2140-4086-8476-A0E4C64CB98D}.Release|x86.ActiveCfg = Release|Any CPU
		{A5ED7A4D-2140-4086-8476-A0E4C64CB98D}.Release|x86.Build.0 = Release|Any CPU
		{5C1BD760-22EB-42A8-A35C-6992E5AF3644}.Debug|Any CPU.ActiveCfg = Debug|Any CPU
		{5C1BD760-22EB-42A8-A35C-6992E5AF3644}.Debug|Any CPU.Build.0 = Debug|Any CPU
		{5C1BD760-22EB-42A8-A35C-6992E5AF3644}.Debug|x64.ActiveCfg = Debug|Any CPU
		{5C1BD760-22EB-42A8-A35C-6992E5AF3644}.Debug|x64.Build.0 = Debug|Any CPU
		{5C1BD760-22EB-42A8-A35C-6992E5AF3644}.Debug|x86.ActiveCfg = Debug|Any CPU
		{5C1BD760-22EB-42A8-A35C-6992E5AF3644}.Debug|x86.Build.0 = Debug|Any CPU
		{5C1BD760-22EB-42A8-A35C-6992E5AF3644}.Release|Any CPU.ActiveCfg = Release|Any CPU
		{5C1BD760-22EB-42A8-A35C-6992E5AF3644}.Release|Any CPU.Build.0 = Release|Any CPU
		{5C1BD760-22EB-42A8-A35C-6992E5AF3644}.Release|x64.ActiveCfg = Release|Any CPU
		{5C1BD760-22EB-42A8-A35C-6992E5AF3644}.Release|x64.Build.0 = Release|Any CPU
		{5C1BD760-22EB-42A8-A35C-6992E5AF3644}.Release|x86.ActiveCfg = Release|Any CPU
		{5C1BD760-22EB-42A8-A35C-6992E5AF3644}.Release|x86.Build.0 = Release|Any CPU
		{B26E1166-E451-41C4-8F28-C1DABAC61188}.Debug|Any CPU.ActiveCfg = Debug|Any CPU
		{B26E1166-E451-41C4-8F28-C1DABAC61188}.Debug|Any CPU.Build.0 = Debug|Any CPU
		{B26E1166-E451-41C4-8F28-C1DABAC61188}.Debug|x64.ActiveCfg = Debug|Any CPU
		{B26E1166-E451-41C4-8F28-C1DABAC61188}.Debug|x64.Build.0 = Debug|Any CPU
		{B26E1166-E451-41C4-8F28-C1DABAC61188}.Debug|x86.ActiveCfg = Debug|Any CPU
		{B26E1166-E451-41C4-8F28-C1DABAC61188}.Debug|x86.Build.0 = Debug|Any CPU
		{B26E1166-E451-41C4-8F28-C1DABAC61188}.Release|Any CPU.ActiveCfg = Release|Any CPU
		{B26E1166-E451-41C4-8F28-C1DABAC61188}.Release|Any CPU.Build.0 = Release|Any CPU
		{B26E1166-E451-41C4-8F28-C1DABAC61188}.Release|x64.ActiveCfg = Release|Any CPU
		{B26E1166-E451-41C4-8F28-C1DABAC61188}.Release|x64.Build.0 = Release|Any CPU
		{B26E1166-E451-41C4-8F28-C1DABAC61188}.Release|x86.ActiveCfg = Release|Any CPU
		{B26E1166-E451-41C4-8F28-C1DABAC61188}.Release|x86.Build.0 = Release|Any CPU
		{8C4AB730-79E8-4D71-B389-A6994E77D1CF}.Debug|Any CPU.ActiveCfg = Debug|Any CPU
		{8C4AB730-79E8-4D71-B389-A6994E77D1CF}.Debug|Any CPU.Build.0 = Debug|Any CPU
		{8C4AB730-79E8-4D71-B389-A6994E77D1CF}.Debug|x64.ActiveCfg = Debug|Any CPU
		{8C4AB730-79E8-4D71-B389-A6994E77D1CF}.Debug|x64.Build.0 = Debug|Any CPU
		{8C4AB730-79E8-4D71-B389-A6994E77D1CF}.Debug|x86.ActiveCfg = Debug|Any CPU
		{8C4AB730-79E8-4D71-B389-A6994E77D1CF}.Debug|x86.Build.0 = Debug|Any CPU
		{8C4AB730-79E8-4D71-B389-A6994E77D1CF}.Release|Any CPU.ActiveCfg = Release|Any CPU
		{8C4AB730-79E8-4D71-B389-A6994E77D1CF}.Release|Any CPU.Build.0 = Release|Any CPU
		{8C4AB730-79E8-4D71-B389-A6994E77D1CF}.Release|x64.ActiveCfg = Release|Any CPU
		{8C4AB730-79E8-4D71-B389-A6994E77D1CF}.Release|x64.Build.0 = Release|Any CPU
		{8C4AB730-79E8-4D71-B389-A6994E77D1CF}.Release|x86.ActiveCfg = Release|Any CPU
		{8C4AB730-79E8-4D71-B389-A6994E77D1CF}.Release|x86.Build.0 = Release|Any CPU
		{0C90618B-F942-4727-BCA0-EF91C53DBF58}.Debug|Any CPU.ActiveCfg = Debug|Any CPU
		{0C90618B-F942-4727-BCA0-EF91C53DBF58}.Debug|Any CPU.Build.0 = Debug|Any CPU
		{0C90618B-F942-4727-BCA0-EF91C53DBF58}.Debug|x64.ActiveCfg = Debug|Any CPU
		{0C90618B-F942-4727-BCA0-EF91C53DBF58}.Debug|x64.Build.0 = Debug|Any CPU
		{0C90618B-F942-4727-BCA0-EF91C53DBF58}.Debug|x86.ActiveCfg = Debug|Any CPU
		{0C90618B-F942-4727-BCA0-EF91C53DBF58}.Debug|x86.Build.0 = Debug|Any CPU
		{0C90618B-F942-4727-BCA0-EF91C53DBF58}.Release|Any CPU.ActiveCfg = Release|Any CPU
		{0C90618B-F942-4727-BCA0-EF91C53DBF58}.Release|Any CPU.Build.0 = Release|Any CPU
		{0C90618B-F942-4727-BCA0-EF91C53DBF58}.Release|x64.ActiveCfg = Release|Any CPU
		{0C90618B-F942-4727-BCA0-EF91C53DBF58}.Release|x64.Build.0 = Release|Any CPU
		{0C90618B-F942-4727-BCA0-EF91C53DBF58}.Release|x86.ActiveCfg = Release|Any CPU
		{0C90618B-F942-4727-BCA0-EF91C53DBF58}.Release|x86.Build.0 = Release|Any CPU
		{F887ED09-D247-40FB-A751-A8F54AE1DB99}.Debug|Any CPU.ActiveCfg = Debug|Any CPU
		{F887ED09-D247-40FB-A751-A8F54AE1DB99}.Debug|Any CPU.Build.0 = Debug|Any CPU
		{F887ED09-D247-40FB-A751-A8F54AE1DB99}.Debug|x64.ActiveCfg = Debug|Any CPU
		{F887ED09-D247-40FB-A751-A8F54AE1DB99}.Debug|x64.Build.0 = Debug|Any CPU
		{F887ED09-D247-40FB-A751-A8F54AE1DB99}.Debug|x86.ActiveCfg = Debug|Any CPU
		{F887ED09-D247-40FB-A751-A8F54AE1DB99}.Debug|x86.Build.0 = Debug|Any CPU
		{F887ED09-D247-40FB-A751-A8F54AE1DB99}.Release|Any CPU.ActiveCfg = Release|Any CPU
		{F887ED09-D247-40FB-A751-A8F54AE1DB99}.Release|Any CPU.Build.0 = Release|Any CPU
		{F887ED09-D247-40FB-A751-A8F54AE1DB99}.Release|x64.ActiveCfg = Release|Any CPU
		{F887ED09-D247-40FB-A751-A8F54AE1DB99}.Release|x64.Build.0 = Release|Any CPU
		{F887ED09-D247-40FB-A751-A8F54AE1DB99}.Release|x86.ActiveCfg = Release|Any CPU
		{F887ED09-D247-40FB-A751-A8F54AE1DB99}.Release|x86.Build.0 = Release|Any CPU
		{B9DBAC37-B494-4DF3-8862-2B0A499AE306}.Debug|Any CPU.ActiveCfg = Debug|Any CPU
		{B9DBAC37-B494-4DF3-8862-2B0A499AE306}.Debug|Any CPU.Build.0 = Debug|Any CPU
		{B9DBAC37-B494-4DF3-8862-2B0A499AE306}.Debug|x64.ActiveCfg = Debug|Any CPU
		{B9DBAC37-B494-4DF3-8862-2B0A499AE306}.Debug|x64.Build.0 = Debug|Any CPU
		{B9DBAC37-B494-4DF3-8862-2B0A499AE306}.Debug|x86.ActiveCfg = Debug|Any CPU
		{B9DBAC37-B494-4DF3-8862-2B0A499AE306}.Debug|x86.Build.0 = Debug|Any CPU
		{B9DBAC37-B494-4DF3-8862-2B0A499AE306}.Release|Any CPU.ActiveCfg = Release|Any CPU
		{B9DBAC37-B494-4DF3-8862-2B0A499AE306}.Release|Any CPU.Build.0 = Release|Any CPU
		{B9DBAC37-B494-4DF3-8862-2B0A499AE306}.Release|x64.ActiveCfg = Release|Any CPU
		{B9DBAC37-B494-4DF3-8862-2B0A499AE306}.Release|x64.Build.0 = Release|Any CPU
		{B9DBAC37-B494-4DF3-8862-2B0A499AE306}.Release|x86.ActiveCfg = Release|Any CPU
		{B9DBAC37-B494-4DF3-8862-2B0A499AE306}.Release|x86.Build.0 = Release|Any CPU
		{3B07D2C4-47AC-4A8F-9742-DA47A7532AE2}.Debug|Any CPU.ActiveCfg = Debug|Any CPU
		{3B07D2C4-47AC-4A8F-9742-DA47A7532AE2}.Debug|Any CPU.Build.0 = Debug|Any CPU
		{3B07D2C4-47AC-4A8F-9742-DA47A7532AE2}.Debug|x64.ActiveCfg = Debug|Any CPU
		{3B07D2C4-47AC-4A8F-9742-DA47A7532AE2}.Debug|x64.Build.0 = Debug|Any CPU
		{3B07D2C4-47AC-4A8F-9742-DA47A7532AE2}.Debug|x86.ActiveCfg = Debug|Any CPU
		{3B07D2C4-47AC-4A8F-9742-DA47A7532AE2}.Debug|x86.Build.0 = Debug|Any CPU
		{3B07D2C4-47AC-4A8F-9742-DA47A7532AE2}.Release|Any CPU.ActiveCfg = Release|Any CPU
		{3B07D2C4-47AC-4A8F-9742-DA47A7532AE2}.Release|Any CPU.Build.0 = Release|Any CPU
		{3B07D2C4-47AC-4A8F-9742-DA47A7532AE2}.Release|x64.ActiveCfg = Release|Any CPU
		{3B07D2C4-47AC-4A8F-9742-DA47A7532AE2}.Release|x64.Build.0 = Release|Any CPU
		{3B07D2C4-47AC-4A8F-9742-DA47A7532AE2}.Release|x86.ActiveCfg = Release|Any CPU
		{3B07D2C4-47AC-4A8F-9742-DA47A7532AE2}.Release|x86.Build.0 = Release|Any CPU
		{423E5985-9184-40BD-ABC8-E8C1FEFB8728}.Debug|Any CPU.ActiveCfg = Debug|Any CPU
		{423E5985-9184-40BD-ABC8-E8C1FEFB8728}.Debug|Any CPU.Build.0 = Debug|Any CPU
		{423E5985-9184-40BD-ABC8-E8C1FEFB8728}.Debug|x64.ActiveCfg = Debug|Any CPU
		{423E5985-9184-40BD-ABC8-E8C1FEFB8728}.Debug|x64.Build.0 = Debug|Any CPU
		{423E5985-9184-40BD-ABC8-E8C1FEFB8728}.Debug|x86.ActiveCfg = Debug|Any CPU
		{423E5985-9184-40BD-ABC8-E8C1FEFB8728}.Debug|x86.Build.0 = Debug|Any CPU
		{423E5985-9184-40BD-ABC8-E8C1FEFB8728}.Release|Any CPU.ActiveCfg = Release|Any CPU
		{423E5985-9184-40BD-ABC8-E8C1FEFB8728}.Release|Any CPU.Build.0 = Release|Any CPU
		{423E5985-9184-40BD-ABC8-E8C1FEFB8728}.Release|x64.ActiveCfg = Release|Any CPU
		{423E5985-9184-40BD-ABC8-E8C1FEFB8728}.Release|x64.Build.0 = Release|Any CPU
		{423E5985-9184-40BD-ABC8-E8C1FEFB8728}.Release|x86.ActiveCfg = Release|Any CPU
		{423E5985-9184-40BD-ABC8-E8C1FEFB8728}.Release|x86.Build.0 = Release|Any CPU
		{B7B31A67-1AC8-44A6-BD5D-6BEB45CDEEA2}.Debug|Any CPU.ActiveCfg = Debug|Any CPU
		{B7B31A67-1AC8-44A6-BD5D-6BEB45CDEEA2}.Debug|Any CPU.Build.0 = Debug|Any CPU
		{B7B31A67-1AC8-44A6-BD5D-6BEB45CDEEA2}.Debug|x64.ActiveCfg = Debug|Any CPU
		{B7B31A67-1AC8-44A6-BD5D-6BEB45CDEEA2}.Debug|x64.Build.0 = Debug|Any CPU
		{B7B31A67-1AC8-44A6-BD5D-6BEB45CDEEA2}.Debug|x86.ActiveCfg = Debug|Any CPU
		{B7B31A67-1AC8-44A6-BD5D-6BEB45CDEEA2}.Debug|x86.Build.0 = Debug|Any CPU
		{B7B31A67-1AC8-44A6-BD5D-6BEB45CDEEA2}.Release|Any CPU.ActiveCfg = Release|Any CPU
		{B7B31A67-1AC8-44A6-BD5D-6BEB45CDEEA2}.Release|Any CPU.Build.0 = Release|Any CPU
		{B7B31A67-1AC8-44A6-BD5D-6BEB45CDEEA2}.Release|x64.ActiveCfg = Release|Any CPU
		{B7B31A67-1AC8-44A6-BD5D-6BEB45CDEEA2}.Release|x64.Build.0 = Release|Any CPU
		{B7B31A67-1AC8-44A6-BD5D-6BEB45CDEEA2}.Release|x86.ActiveCfg = Release|Any CPU
		{B7B31A67-1AC8-44A6-BD5D-6BEB45CDEEA2}.Release|x86.Build.0 = Release|Any CPU
		{A3D62154-2E42-40A8-A858-9C9AD0CC7107}.Debug|Any CPU.ActiveCfg = Debug|Any CPU
		{A3D62154-2E42-40A8-A858-9C9AD0CC7107}.Debug|Any CPU.Build.0 = Debug|Any CPU
		{A3D62154-2E42-40A8-A858-9C9AD0CC7107}.Debug|x64.ActiveCfg = Debug|Any CPU
		{A3D62154-2E42-40A8-A858-9C9AD0CC7107}.Debug|x64.Build.0 = Debug|Any CPU
		{A3D62154-2E42-40A8-A858-9C9AD0CC7107}.Debug|x86.ActiveCfg = Debug|Any CPU
		{A3D62154-2E42-40A8-A858-9C9AD0CC7107}.Debug|x86.Build.0 = Debug|Any CPU
		{A3D62154-2E42-40A8-A858-9C9AD0CC7107}.Release|Any CPU.ActiveCfg = Release|Any CPU
		{A3D62154-2E42-40A8-A858-9C9AD0CC7107}.Release|Any CPU.Build.0 = Release|Any CPU
		{A3D62154-2E42-40A8-A858-9C9AD0CC7107}.Release|x64.ActiveCfg = Release|Any CPU
		{A3D62154-2E42-40A8-A858-9C9AD0CC7107}.Release|x64.Build.0 = Release|Any CPU
		{A3D62154-2E42-40A8-A858-9C9AD0CC7107}.Release|x86.ActiveCfg = Release|Any CPU
		{A3D62154-2E42-40A8-A858-9C9AD0CC7107}.Release|x86.Build.0 = Release|Any CPU
		{9E12DBDA-FF11-46D4-9261-3011BC52CE66}.Debug|Any CPU.ActiveCfg = Debug|Any CPU
		{9E12DBDA-FF11-46D4-9261-3011BC52CE66}.Debug|Any CPU.Build.0 = Debug|Any CPU
		{9E12DBDA-FF11-46D4-9261-3011BC52CE66}.Debug|x64.ActiveCfg = Debug|Any CPU
		{9E12DBDA-FF11-46D4-9261-3011BC52CE66}.Debug|x64.Build.0 = Debug|Any CPU
		{9E12DBDA-FF11-46D4-9261-3011BC52CE66}.Debug|x86.ActiveCfg = Debug|Any CPU
		{9E12DBDA-FF11-46D4-9261-3011BC52CE66}.Debug|x86.Build.0 = Debug|Any CPU
		{9E12DBDA-FF11-46D4-9261-3011BC52CE66}.Release|Any CPU.ActiveCfg = Release|Any CPU
		{9E12DBDA-FF11-46D4-9261-3011BC52CE66}.Release|Any CPU.Build.0 = Release|Any CPU
		{9E12DBDA-FF11-46D4-9261-3011BC52CE66}.Release|x64.ActiveCfg = Release|Any CPU
		{9E12DBDA-FF11-46D4-9261-3011BC52CE66}.Release|x64.Build.0 = Release|Any CPU
		{9E12DBDA-FF11-46D4-9261-3011BC52CE66}.Release|x86.ActiveCfg = Release|Any CPU
		{9E12DBDA-FF11-46D4-9261-3011BC52CE66}.Release|x86.Build.0 = Release|Any CPU
		{BD850DDE-0C47-4B83-B56B-6D3D522E9F65}.Debug|Any CPU.ActiveCfg = Debug|Any CPU
		{BD850DDE-0C47-4B83-B56B-6D3D522E9F65}.Debug|Any CPU.Build.0 = Debug|Any CPU
		{BD850DDE-0C47-4B83-B56B-6D3D522E9F65}.Debug|x64.ActiveCfg = Debug|Any CPU
		{BD850DDE-0C47-4B83-B56B-6D3D522E9F65}.Debug|x64.Build.0 = Debug|Any CPU
		{BD850DDE-0C47-4B83-B56B-6D3D522E9F65}.Debug|x86.ActiveCfg = Debug|Any CPU
		{BD850DDE-0C47-4B83-B56B-6D3D522E9F65}.Debug|x86.Build.0 = Debug|Any CPU
		{BD850DDE-0C47-4B83-B56B-6D3D522E9F65}.Release|Any CPU.ActiveCfg = Release|Any CPU
		{BD850DDE-0C47-4B83-B56B-6D3D522E9F65}.Release|Any CPU.Build.0 = Release|Any CPU
		{BD850DDE-0C47-4B83-B56B-6D3D522E9F65}.Release|x64.ActiveCfg = Release|Any CPU
		{BD850DDE-0C47-4B83-B56B-6D3D522E9F65}.Release|x64.Build.0 = Release|Any CPU
		{BD850DDE-0C47-4B83-B56B-6D3D522E9F65}.Release|x86.ActiveCfg = Release|Any CPU
		{BD850DDE-0C47-4B83-B56B-6D3D522E9F65}.Release|x86.Build.0 = Release|Any CPU
		{FC1D04EC-9461-403C-A32F-2C0CBCA9E445}.Debug|Any CPU.ActiveCfg = Debug|Any CPU
		{FC1D04EC-9461-403C-A32F-2C0CBCA9E445}.Debug|Any CPU.Build.0 = Debug|Any CPU
		{FC1D04EC-9461-403C-A32F-2C0CBCA9E445}.Debug|x64.ActiveCfg = Debug|Any CPU
		{FC1D04EC-9461-403C-A32F-2C0CBCA9E445}.Debug|x64.Build.0 = Debug|Any CPU
		{FC1D04EC-9461-403C-A32F-2C0CBCA9E445}.Debug|x86.ActiveCfg = Debug|Any CPU
		{FC1D04EC-9461-403C-A32F-2C0CBCA9E445}.Debug|x86.Build.0 = Debug|Any CPU
		{FC1D04EC-9461-403C-A32F-2C0CBCA9E445}.Release|Any CPU.ActiveCfg = Release|Any CPU
		{FC1D04EC-9461-403C-A32F-2C0CBCA9E445}.Release|Any CPU.Build.0 = Release|Any CPU
		{FC1D04EC-9461-403C-A32F-2C0CBCA9E445}.Release|x64.ActiveCfg = Release|Any CPU
		{FC1D04EC-9461-403C-A32F-2C0CBCA9E445}.Release|x64.Build.0 = Release|Any CPU
		{FC1D04EC-9461-403C-A32F-2C0CBCA9E445}.Release|x86.ActiveCfg = Release|Any CPU
		{FC1D04EC-9461-403C-A32F-2C0CBCA9E445}.Release|x86.Build.0 = Release|Any CPU
		{41BC86E4-FB94-442A-8445-2E34EC0D5596}.Debug|Any CPU.ActiveCfg = Debug|Any CPU
		{41BC86E4-FB94-442A-8445-2E34EC0D5596}.Debug|Any CPU.Build.0 = Debug|Any CPU
		{41BC86E4-FB94-442A-8445-2E34EC0D5596}.Debug|x64.ActiveCfg = Debug|Any CPU
		{41BC86E4-FB94-442A-8445-2E34EC0D5596}.Debug|x64.Build.0 = Debug|Any CPU
		{41BC86E4-FB94-442A-8445-2E34EC0D5596}.Debug|x86.ActiveCfg = Debug|Any CPU
		{41BC86E4-FB94-442A-8445-2E34EC0D5596}.Debug|x86.Build.0 = Debug|Any CPU
		{41BC86E4-FB94-442A-8445-2E34EC0D5596}.Release|Any CPU.ActiveCfg = Release|Any CPU
		{41BC86E4-FB94-442A-8445-2E34EC0D5596}.Release|Any CPU.Build.0 = Release|Any CPU
		{41BC86E4-FB94-442A-8445-2E34EC0D5596}.Release|x64.ActiveCfg = Release|Any CPU
		{41BC86E4-FB94-442A-8445-2E34EC0D5596}.Release|x64.Build.0 = Release|Any CPU
		{41BC86E4-FB94-442A-8445-2E34EC0D5596}.Release|x86.ActiveCfg = Release|Any CPU
		{41BC86E4-FB94-442A-8445-2E34EC0D5596}.Release|x86.Build.0 = Release|Any CPU
	EndGlobalSection
	GlobalSection(SolutionProperties) = preSolution
		HideSolutionNode = FALSE
	EndGlobalSection
	GlobalSection(NestedProjects) = preSolution
		{667C1D31-B097-496E-AB4E-A3CC20F1461D} = {712F0ACB-6CC3-442B-98F0-2F9A964CB774}
		{FEFC65EC-DECF-4D5C-9B4D-E2DE32960ED7} = {712F0ACB-6CC3-442B-98F0-2F9A964CB774}
		{E10760C3-D128-43AF-A323-E838E2BF1146} = {712F0ACB-6CC3-442B-98F0-2F9A964CB774}
		{7EBB00FB-9F54-4938-994D-EAEC1DAF31B4} = {712F0ACB-6CC3-442B-98F0-2F9A964CB774}
		{A5ED7A4D-2140-4086-8476-A0E4C64CB98D} = {712F0ACB-6CC3-442B-98F0-2F9A964CB774}
		{B26E1166-E451-41C4-8F28-C1DABAC61188} = {712F0ACB-6CC3-442B-98F0-2F9A964CB774}
		{8C4AB730-79E8-4D71-B389-A6994E77D1CF} = {712F0ACB-6CC3-442B-98F0-2F9A964CB774}
		{0C90618B-F942-4727-BCA0-EF91C53DBF58} = {712F0ACB-6CC3-442B-98F0-2F9A964CB774}
		{F887ED09-D247-40FB-A751-A8F54AE1DB99} = {712F0ACB-6CC3-442B-98F0-2F9A964CB774}
		{B9DBAC37-B494-4DF3-8862-2B0A499AE306} = {712F0ACB-6CC3-442B-98F0-2F9A964CB774}
		{3B07D2C4-47AC-4A8F-9742-DA47A7532AE2} = {712F0ACB-6CC3-442B-98F0-2F9A964CB774}
		{423E5985-9184-40BD-ABC8-E8C1FEFB8728} = {712F0ACB-6CC3-442B-98F0-2F9A964CB774}
		{B7B31A67-1AC8-44A6-BD5D-6BEB45CDEEA2} = {712F0ACB-6CC3-442B-98F0-2F9A964CB774}
		{A3D62154-2E42-40A8-A858-9C9AD0CC7107} = {712F0ACB-6CC3-442B-98F0-2F9A964CB774}
		{9E12DBDA-FF11-46D4-9261-3011BC52CE66} = {712F0ACB-6CC3-442B-98F0-2F9A964CB774}
		{BD850DDE-0C47-4B83-B56B-6D3D522E9F65} = {712F0ACB-6CC3-442B-98F0-2F9A964CB774}
		{FC1D04EC-9461-403C-A32F-2C0CBCA9E445} = {712F0ACB-6CC3-442B-98F0-2F9A964CB774}
		{41BC86E4-FB94-442A-8445-2E34EC0D5596} = {712F0ACB-6CC3-442B-98F0-2F9A964CB774}
	EndGlobalSection
	GlobalSection(ExtensibilityGlobals) = postSolution
		SolutionGuid = {FF30430D-A207-4029-B5A3-376C908C7090}
	EndGlobalSection
EndGlobal
