
Microsoft Visual Studio Solution File, Format Version 12.00
# Visual Studio Version 16
VisualStudioVersion = 16.6.30114.105
MinimumVisualStudioVersion = 10.0.40219.1
Project("{9A19103F-16F7-4668-BE54-9A1E7A4F7556}") = "R5T.D0046.Construction", "R5T.D0046.Construction\R5T.D0046.Construction.csproj", "{1D5F21D8-974D-479F-9537-BE91AD0A406F}"
EndProject
Project("{9A19103F-16F7-4668-BE54-9A1E7A4F7556}") = "R5T.D0046.Base", "R5T.D0046.Base\R5T.D0046.Base.csproj", "{18E937A1-90AA-43DC-B792-3E1976E7F80C}"
EndProject
Project("{2150E333-8FDC-42A3-9474-1A3956D46DE8}") = "_Dependencies", "_Dependencies", "{712F0ACB-6CC3-442B-98F0-2F9A964CB774}"
EndProject
Project("{9A19103F-16F7-4668-BE54-9A1E7A4F7556}") = "R5T.Aalborg", "..\..\R5T.Aalborg\source\R5T.Aalborg\R5T.Aalborg.csproj", "{667C1D31-B097-496E-AB4E-A3CC20F1461D}"
EndProject
Project("{9A19103F-16F7-4668-BE54-9A1E7A4F7556}") = "R5T.D0046.Default", "R5T.D0046.Default\R5T.D0046.Default.csproj", "{0F1939E3-FEDE-41D8-B46E-4B7E552D4BFD}"
EndProject
Project("{9A19103F-16F7-4668-BE54-9A1E7A4F7556}") = "R5T.Dacia.Extensions", "..\..\R5T.Dacia.Extensions\source\R5T.Dacia.Extensions\R5T.Dacia.Extensions.csproj", "{FEFC65EC-DECF-4D5C-9B4D-E2DE32960ED7}"
EndProject
Project("{9A19103F-16F7-4668-BE54-9A1E7A4F7556}") = "R5T.Dacia", "..\..\R5T.Dacia\source\R5T.Dacia\R5T.Dacia.csproj", "{E10760C3-D128-43AF-A323-E838E2BF1146}"
EndProject
Project("{9A19103F-16F7-4668-BE54-9A1E7A4F7556}") = "R5T.Aalborg.Abstractions", "..\..\R5T.Aalborg\source\R5T.Aalborg.Abstractions\R5T.Aalborg.Abstractions.csproj", "{1BE38A28-29F1-48F4-9476-73BE4652E586}"
EndProject
Project("{9A19103F-16F7-4668-BE54-9A1E7A4F7556}") = "R5T.D0082.D001.Base", "..\..\R5T.D0082\source\R5T.D0082.D001.Base\R5T.D0082.D001.Base.csproj", "{4AD4F2F6-2310-46B2-A6C8-0501087BA0D8}"
EndProject
Project("{9A19103F-16F7-4668-BE54-9A1E7A4F7556}") = "R5T.T0046", "..\..\R5T.T0046\source\R5T.T0046\R5T.T0046.csproj", "{A6A38156-4F3B-4528-8F98-E006F9CC2D54}"
EndProject
Project("{9A19103F-16F7-4668-BE54-9A1E7A4F7556}") = "R5T.Dacia.T002", "..\..\R5T.Dacia\source\R5T.Dacia.T002\R5T.Dacia.T002.csproj", "{2EA9BAFA-1058-42E8-83FC-91A821A72DD0}"
EndProject
Project("{9A19103F-16F7-4668-BE54-9A1E7A4F7556}") = "R5T.Magyar", "..\..\R5T.Magyar\source\R5T.Magyar\R5T.Magyar.csproj", "{6ABC34CB-7626-4554-A6AE-EAA3B2643D9B}"
EndProject
Project("{9A19103F-16F7-4668-BE54-9A1E7A4F7556}") = "R5T.D0046.I001", "R5T.D0046.I001\R5T.D0046.I001.csproj", "{D71B4D49-AE6E-4F8C-A142-6B2C36D29D3A}"
EndProject
Project("{9A19103F-16F7-4668-BE54-9A1E7A4F7556}") = "R5T.Suebia.Base", "..\..\R5T.Suebia\source\R5T.Suebia.Base\R5T.Suebia.Base.csproj", "{03D7B00D-FF8D-4A4D-BE30-0AA7E805396A}"
EndProject
Project("{9A19103F-16F7-4668-BE54-9A1E7A4F7556}") = "R5T.T0021", "..\..\R5T.T0021\source\R5T.T0021\R5T.T0021.csproj", "{462607E6-BFC8-4CEC-B03C-71C347AF8ACF}"
EndProject
Project("{9A19103F-16F7-4668-BE54-9A1E7A4F7556}") = "R5T.Newport.Extensions", "..\..\R5T.Newport\source\R5T.Newport.Extensions\R5T.Newport.Extensions.csproj", "{77E8928E-2CE3-4CBC-ACCC-EB10742C894C}"
EndProject
Project("{9A19103F-16F7-4668-BE54-9A1E7A4F7556}") = "R5T.T0039.T002", "..\..\R5T.T0039\source\R5T.T0039.T002\R5T.T0039.T002.csproj", "{68AF7642-1C0A-4EDC-89A2-2280CB643A4D}"
EndProject
Project("{9A19103F-16F7-4668-BE54-9A1E7A4F7556}") = "R5T.Newport", "..\..\R5T.Newport\source\R5T.Newport\R5T.Newport.csproj", "{A8A4346E-13D8-4691-8F5E-2C6DDA8374A6}"
EndProject
Global
	GlobalSection(SolutionConfigurationPlatforms) = preSolution
		Debug|Any CPU = Debug|Any CPU
		Debug|x64 = Debug|x64
		Debug|x86 = Debug|x86
		Release|Any CPU = Release|Any CPU
		Release|x64 = Release|x64
		Release|x86 = Release|x86
	EndGlobalSection
	GlobalSection(ProjectConfigurationPlatforms) = postSolution
		{1D5F21D8-974D-479F-9537-BE91AD0A406F}.Debug|Any CPU.ActiveCfg = Debug|Any CPU
		{1D5F21D8-974D-479F-9537-BE91AD0A406F}.Debug|Any CPU.Build.0 = Debug|Any CPU
		{1D5F21D8-974D-479F-9537-BE91AD0A406F}.Debug|x64.ActiveCfg = Debug|Any CPU
		{1D5F21D8-974D-479F-9537-BE91AD0A406F}.Debug|x64.Build.0 = Debug|Any CPU
		{1D5F21D8-974D-479F-9537-BE91AD0A406F}.Debug|x86.ActiveCfg = Debug|Any CPU
		{1D5F21D8-974D-479F-9537-BE91AD0A406F}.Debug|x86.Build.0 = Debug|Any CPU
		{1D5F21D8-974D-479F-9537-BE91AD0A406F}.Release|Any CPU.ActiveCfg = Release|Any CPU
		{1D5F21D8-974D-479F-9537-BE91AD0A406F}.Release|Any CPU.Build.0 = Release|Any CPU
		{1D5F21D8-974D-479F-9537-BE91AD0A406F}.Release|x64.ActiveCfg = Release|Any CPU
		{1D5F21D8-974D-479F-9537-BE91AD0A406F}.Release|x64.Build.0 = Release|Any CPU
		{1D5F21D8-974D-479F-9537-BE91AD0A406F}.Release|x86.ActiveCfg = Release|Any CPU
		{1D5F21D8-974D-479F-9537-BE91AD0A406F}.Release|x86.Build.0 = Release|Any CPU
		{18E937A1-90AA-43DC-B792-3E1976E7F80C}.Debug|Any CPU.ActiveCfg = Debug|Any CPU
		{18E937A1-90AA-43DC-B792-3E1976E7F80C}.Debug|Any CPU.Build.0 = Debug|Any CPU
		{18E937A1-90AA-43DC-B792-3E1976E7F80C}.Debug|x64.ActiveCfg = Debug|Any CPU
		{18E937A1-90AA-43DC-B792-3E1976E7F80C}.Debug|x64.Build.0 = Debug|Any CPU
		{18E937A1-90AA-43DC-B792-3E1976E7F80C}.Debug|x86.ActiveCfg = Debug|Any CPU
		{18E937A1-90AA-43DC-B792-3E1976E7F80C}.Debug|x86.Build.0 = Debug|Any CPU
		{18E937A1-90AA-43DC-B792-3E1976E7F80C}.Release|Any CPU.ActiveCfg = Release|Any CPU
		{18E937A1-90AA-43DC-B792-3E1976E7F80C}.Release|Any CPU.Build.0 = Release|Any CPU
		{18E937A1-90AA-43DC-B792-3E1976E7F80C}.Release|x64.ActiveCfg = Release|Any CPU
		{18E937A1-90AA-43DC-B792-3E1976E7F80C}.Release|x64.Build.0 = Release|Any CPU
		{18E937A1-90AA-43DC-B792-3E1976E7F80C}.Release|x86.ActiveCfg = Release|Any CPU
		{18E937A1-90AA-43DC-B792-3E1976E7F80C}.Release|x86.Build.0 = Release|Any CPU
		{667C1D31-B097-496E-AB4E-A3CC20F1461D}.Debug|Any CPU.ActiveCfg = Debug|Any CPU
		{667C1D31-B097-496E-AB4E-A3CC20F1461D}.Debug|Any CPU.Build.0 = Debug|Any CPU
		{667C1D31-B097-496E-AB4E-A3CC20F1461D}.Debug|x64.ActiveCfg = Debug|Any CPU
		{667C1D31-B097-496E-AB4E-A3CC20F1461D}.Debug|x64.Build.0 = Debug|Any CPU
		{667C1D31-B097-496E-AB4E-A3CC20F1461D}.Debug|x86.ActiveCfg = Debug|Any CPU
		{667C1D31-B097-496E-AB4E-A3CC20F1461D}.Debug|x86.Build.0 = Debug|Any CPU
		{667C1D31-B097-496E-AB4E-A3CC20F1461D}.Release|Any CPU.ActiveCfg = Release|Any CPU
		{667C1D31-B097-496E-AB4E-A3CC20F1461D}.Release|Any CPU.Build.0 = Release|Any CPU
		{667C1D31-B097-496E-AB4E-A3CC20F1461D}.Release|x64.ActiveCfg = Release|Any CPU
		{667C1D31-B097-496E-AB4E-A3CC20F1461D}.Release|x64.Build.0 = Release|Any CPU
		{667C1D31-B097-496E-AB4E-A3CC20F1461D}.Release|x86.ActiveCfg = Release|Any CPU
		{667C1D31-B097-496E-AB4E-A3CC20F1461D}.Release|x86.Build.0 = Release|Any CPU
		{0F1939E3-FEDE-41D8-B46E-4B7E552D4BFD}.Debug|Any CPU.ActiveCfg = Debug|Any CPU
		{0F1939E3-FEDE-41D8-B46E-4B7E552D4BFD}.Debug|Any CPU.Build.0 = Debug|Any CPU
		{0F1939E3-FEDE-41D8-B46E-4B7E552D4BFD}.Debug|x64.ActiveCfg = Debug|Any CPU
		{0F1939E3-FEDE-41D8-B46E-4B7E552D4BFD}.Debug|x64.Build.0 = Debug|Any CPU
		{0F1939E3-FEDE-41D8-B46E-4B7E552D4BFD}.Debug|x86.ActiveCfg = Debug|Any CPU
		{0F1939E3-FEDE-41D8-B46E-4B7E552D4BFD}.Debug|x86.Build.0 = Debug|Any CPU
		{0F1939E3-FEDE-41D8-B46E-4B7E552D4BFD}.Release|Any CPU.ActiveCfg = Release|Any CPU
		{0F1939E3-FEDE-41D8-B46E-4B7E552D4BFD}.Release|Any CPU.Build.0 = Release|Any CPU
		{0F1939E3-FEDE-41D8-B46E-4B7E552D4BFD}.Release|x64.ActiveCfg = Release|Any CPU
		{0F1939E3-FEDE-41D8-B46E-4B7E552D4BFD}.Release|x64.Build.0 = Release|Any CPU
		{0F1939E3-FEDE-41D8-B46E-4B7E552D4BFD}.Release|x86.ActiveCfg = Release|Any CPU
		{0F1939E3-FEDE-41D8-B46E-4B7E552D4BFD}.Release|x86.Build.0 = Release|Any CPU
		{FEFC65EC-DECF-4D5C-9B4D-E2DE32960ED7}.Debug|Any CPU.ActiveCfg = Debug|Any CPU
		{FEFC65EC-DECF-4D5C-9B4D-E2DE32960ED7}.Debug|Any CPU.Build.0 = Debug|Any CPU
		{FEFC65EC-DECF-4D5C-9B4D-E2DE32960ED7}.Debug|x64.ActiveCfg = Debug|Any CPU
		{FEFC65EC-DECF-4D5C-9B4D-E2DE32960ED7}.Debug|x64.Build.0 = Debug|Any CPU
		{FEFC65EC-DECF-4D5C-9B4D-E2DE32960ED7}.Debug|x86.ActiveCfg = Debug|Any CPU
		{FEFC65EC-DECF-4D5C-9B4D-E2DE32960ED7}.Debug|x86.Build.0 = Debug|Any CPU
		{FEFC65EC-DECF-4D5C-9B4D-E2DE32960ED7}.Release|Any CPU.ActiveCfg = Release|Any CPU
		{FEFC65EC-DECF-4D5C-9B4D-E2DE32960ED7}.Release|Any CPU.Build.0 = Release|Any CPU
		{FEFC65EC-DECF-4D5C-9B4D-E2DE32960ED7}.Release|x64.ActiveCfg = Release|Any CPU
		{FEFC65EC-DECF-4D5C-9B4D-E2DE32960ED7}.Release|x64.Build.0 = Release|Any CPU
		{FEFC65EC-DECF-4D5C-9B4D-E2DE32960ED7}.Release|x86.ActiveCfg = Release|Any CPU
		{FEFC65EC-DECF-4D5C-9B4D-E2DE32960ED7}.Release|x86.Build.0 = Release|Any CPU
		{E10760C3-D128-43AF-A323-E838E2BF1146}.Debug|Any CPU.ActiveCfg = Debug|Any CPU
		{E10760C3-D128-43AF-A323-E838E2BF1146}.Debug|Any CPU.Build.0 = Debug|Any CPU
		{E10760C3-D128-43AF-A323-E838E2BF1146}.Debug|x64.ActiveCfg = Debug|Any CPU
		{E10760C3-D128-43AF-A323-E838E2BF1146}.Debug|x64.Build.0 = Debug|Any CPU
		{E10760C3-D128-43AF-A323-E838E2BF1146}.Debug|x86.ActiveCfg = Debug|Any CPU
		{E10760C3-D128-43AF-A323-E838E2BF1146}.Debug|x86.Build.0 = Debug|Any CPU
		{E10760C3-D128-43AF-A323-E838E2BF1146}.Release|Any CPU.ActiveCfg = Release|Any CPU
		{E10760C3-D128-43AF-A323-E838E2BF1146}.Release|Any CPU.Build.0 = Release|Any CPU
		{E10760C3-D128-43AF-A323-E838E2BF1146}.Release|x64.ActiveCfg = Release|Any CPU
		{E10760C3-D128-43AF-A323-E838E2BF1146}.Release|x64.Build.0 = Release|Any CPU
		{E10760C3-D128-43AF-A323-E838E2BF1146}.Release|x86.ActiveCfg = Release|Any CPU
		{E10760C3-D128-43AF-A323-E838E2BF1146}.Release|x86.Build.0 = Release|Any CPU
		{1BE38A28-29F1-48F4-9476-73BE4652E586}.Debug|Any CPU.ActiveCfg = Debug|Any CPU
		{1BE38A28-29F1-48F4-9476-73BE4652E586}.Debug|Any CPU.Build.0 = Debug|Any CPU
		{1BE38A28-29F1-48F4-9476-73BE4652E586}.Debug|x64.ActiveCfg = Debug|Any CPU
		{1BE38A28-29F1-48F4-9476-73BE4652E586}.Debug|x64.Build.0 = Debug|Any CPU
		{1BE38A28-29F1-48F4-9476-73BE4652E586}.Debug|x86.ActiveCfg = Debug|Any CPU
		{1BE38A28-29F1-48F4-9476-73BE4652E586}.Debug|x86.Build.0 = Debug|Any CPU
		{1BE38A28-29F1-48F4-9476-73BE4652E586}.Release|Any CPU.ActiveCfg = Release|Any CPU
		{1BE38A28-29F1-48F4-9476-73BE4652E586}.Release|Any CPU.Build.0 = Release|Any CPU
		{1BE38A28-29F1-48F4-9476-73BE4652E586}.Release|x64.ActiveCfg = Release|Any CPU
		{1BE38A28-29F1-48F4-9476-73BE4652E586}.Release|x64.Build.0 = Release|Any CPU
		{1BE38A28-29F1-48F4-9476-73BE4652E586}.Release|x86.ActiveCfg = Release|Any CPU
		{1BE38A28-29F1-48F4-9476-73BE4652E586}.Release|x86.Build.0 = Release|Any CPU
		{4AD4F2F6-2310-46B2-A6C8-0501087BA0D8}.Debug|Any CPU.ActiveCfg = Debug|Any CPU
		{4AD4F2F6-2310-46B2-A6C8-0501087BA0D8}.Debug|Any CPU.Build.0 = Debug|Any CPU
		{4AD4F2F6-2310-46B2-A6C8-0501087BA0D8}.Debug|x64.ActiveCfg = Debug|Any CPU
		{4AD4F2F6-2310-46B2-A6C8-0501087BA0D8}.Debug|x64.Build.0 = Debug|Any CPU
		{4AD4F2F6-2310-46B2-A6C8-0501087BA0D8}.Debug|x86.ActiveCfg = Debug|Any CPU
		{4AD4F2F6-2310-46B2-A6C8-0501087BA0D8}.Debug|x86.Build.0 = Debug|Any CPU
		{4AD4F2F6-2310-46B2-A6C8-0501087BA0D8}.Release|Any CPU.ActiveCfg = Release|Any CPU
		{4AD4F2F6-2310-46B2-A6C8-0501087BA0D8}.Release|Any CPU.Build.0 = Release|Any CPU
		{4AD4F2F6-2310-46B2-A6C8-0501087BA0D8}.Release|x64.ActiveCfg = Release|Any CPU
		{4AD4F2F6-2310-46B2-A6C8-0501087BA0D8}.Release|x64.Build.0 = Release|Any CPU
		{4AD4F2F6-2310-46B2-A6C8-0501087BA0D8}.Release|x86.ActiveCfg = Release|Any CPU
		{4AD4F2F6-2310-46B2-A6C8-0501087BA0D8}.Release|x86.Build.0 = Release|Any CPU
		{A6A38156-4F3B-4528-8F98-E006F9CC2D54}.Debug|Any CPU.ActiveCfg = Debug|Any CPU
		{A6A38156-4F3B-4528-8F98-E006F9CC2D54}.Debug|Any CPU.Build.0 = Debug|Any CPU
		{A6A38156-4F3B-4528-8F98-E006F9CC2D54}.Debug|x64.ActiveCfg = Debug|Any CPU
		{A6A38156-4F3B-4528-8F98-E006F9CC2D54}.Debug|x64.Build.0 = Debug|Any CPU
		{A6A38156-4F3B-4528-8F98-E006F9CC2D54}.Debug|x86.ActiveCfg = Debug|Any CPU
		{A6A38156-4F3B-4528-8F98-E006F9CC2D54}.Debug|x86.Build.0 = Debug|Any CPU
		{A6A38156-4F3B-4528-8F98-E006F9CC2D54}.Release|Any CPU.ActiveCfg = Release|Any CPU
		{A6A38156-4F3B-4528-8F98-E006F9CC2D54}.Release|Any CPU.Build.0 = Release|Any CPU
		{A6A38156-4F3B-4528-8F98-E006F9CC2D54}.Release|x64.ActiveCfg = Release|Any CPU
		{A6A38156-4F3B-4528-8F98-E006F9CC2D54}.Release|x64.Build.0 = Release|Any CPU
		{A6A38156-4F3B-4528-8F98-E006F9CC2D54}.Release|x86.ActiveCfg = Release|Any CPU
		{A6A38156-4F3B-4528-8F98-E006F9CC2D54}.Release|x86.Build.0 = Release|Any CPU
		{2EA9BAFA-1058-42E8-83FC-91A821A72DD0}.Debug|Any CPU.ActiveCfg = Debug|Any CPU
		{2EA9BAFA-1058-42E8-83FC-91A821A72DD0}.Debug|Any CPU.Build.0 = Debug|Any CPU
		{2EA9BAFA-1058-42E8-83FC-91A821A72DD0}.Debug|x64.ActiveCfg = Debug|Any CPU
		{2EA9BAFA-1058-42E8-83FC-91A821A72DD0}.Debug|x64.Build.0 = Debug|Any CPU
		{2EA9BAFA-1058-42E8-83FC-91A821A72DD0}.Debug|x86.ActiveCfg = Debug|Any CPU
		{2EA9BAFA-1058-42E8-83FC-91A821A72DD0}.Debug|x86.Build.0 = Debug|Any CPU
		{2EA9BAFA-1058-42E8-83FC-91A821A72DD0}.Release|Any CPU.ActiveCfg = Release|Any CPU
		{2EA9BAFA-1058-42E8-83FC-91A821A72DD0}.Release|Any CPU.Build.0 = Release|Any CPU
		{2EA9BAFA-1058-42E8-83FC-91A821A72DD0}.Release|x64.ActiveCfg = Release|Any CPU
		{2EA9BAFA-1058-42E8-83FC-91A821A72DD0}.Release|x64.Build.0 = Release|Any CPU
		{2EA9BAFA-1058-42E8-83FC-91A821A72DD0}.Release|x86.ActiveCfg = Release|Any CPU
		{2EA9BAFA-1058-42E8-83FC-91A821A72DD0}.Release|x86.Build.0 = Release|Any CPU
		{6ABC34CB-7626-4554-A6AE-EAA3B2643D9B}.Debug|Any CPU.ActiveCfg = Debug|Any CPU
		{6ABC34CB-7626-4554-A6AE-EAA3B2643D9B}.Debug|Any CPU.Build.0 = Debug|Any CPU
		{6ABC34CB-7626-4554-A6AE-EAA3B2643D9B}.Debug|x64.ActiveCfg = Debug|Any CPU
		{6ABC34CB-7626-4554-A6AE-EAA3B2643D9B}.Debug|x64.Build.0 = Debug|Any CPU
		{6ABC34CB-7626-4554-A6AE-EAA3B2643D9B}.Debug|x86.ActiveCfg = Debug|Any CPU
		{6ABC34CB-7626-4554-A6AE-EAA3B2643D9B}.Debug|x86.Build.0 = Debug|Any CPU
		{6ABC34CB-7626-4554-A6AE-EAA3B2643D9B}.Release|Any CPU.ActiveCfg = Release|Any CPU
		{6ABC34CB-7626-4554-A6AE-EAA3B2643D9B}.Release|Any CPU.Build.0 = Release|Any CPU
		{6ABC34CB-7626-4554-A6AE-EAA3B2643D9B}.Release|x64.ActiveCfg = Release|Any CPU
		{6ABC34CB-7626-4554-A6AE-EAA3B2643D9B}.Release|x64.Build.0 = Release|Any CPU
		{6ABC34CB-7626-4554-A6AE-EAA3B2643D9B}.Release|x86.ActiveCfg = Release|Any CPU
		{6ABC34CB-7626-4554-A6AE-EAA3B2643D9B}.Release|x86.Build.0 = Release|Any CPU
		{D71B4D49-AE6E-4F8C-A142-6B2C36D29D3A}.Debug|Any CPU.ActiveCfg = Debug|Any CPU
		{D71B4D49-AE6E-4F8C-A142-6B2C36D29D3A}.Debug|Any CPU.Build.0 = Debug|Any CPU
		{D71B4D49-AE6E-4F8C-A142-6B2C36D29D3A}.Debug|x64.ActiveCfg = Debug|Any CPU
		{D71B4D49-AE6E-4F8C-A142-6B2C36D29D3A}.Debug|x64.Build.0 = Debug|Any CPU
		{D71B4D49-AE6E-4F8C-A142-6B2C36D29D3A}.Debug|x86.ActiveCfg = Debug|Any CPU
		{D71B4D49-AE6E-4F8C-A142-6B2C36D29D3A}.Debug|x86.Build.0 = Debug|Any CPU
		{D71B4D49-AE6E-4F8C-A142-6B2C36D29D3A}.Release|Any CPU.ActiveCfg = Release|Any CPU
		{D71B4D49-AE6E-4F8C-A142-6B2C36D29D3A}.Release|Any CPU.Build.0 = Release|Any CPU
		{D71B4D49-AE6E-4F8C-A142-6B2C36D29D3A}.Release|x64.ActiveCfg = Release|Any CPU
		{D71B4D49-AE6E-4F8C-A142-6B2C36D29D3A}.Release|x64.Build.0 = Release|Any CPU
		{D71B4D49-AE6E-4F8C-A142-6B2C36D29D3A}.Release|x86.ActiveCfg = Release|Any CPU
		{D71B4D49-AE6E-4F8C-A142-6B2C36D29D3A}.Release|x86.Build.0 = Release|Any CPU
		{03D7B00D-FF8D-4A4D-BE30-0AA7E805396A}.Debug|Any CPU.ActiveCfg = Debug|Any CPU
		{03D7B00D-FF8D-4A4D-BE30-0AA7E805396A}.Debug|Any CPU.Build.0 = Debug|Any CPU
		{03D7B00D-FF8D-4A4D-BE30-0AA7E805396A}.Debug|x64.ActiveCfg = Debug|Any CPU
		{03D7B00D-FF8D-4A4D-BE30-0AA7E805396A}.Debug|x64.Build.0 = Debug|Any CPU
		{03D7B00D-FF8D-4A4D-BE30-0AA7E805396A}.Debug|x86.ActiveCfg = Debug|Any CPU
		{03D7B00D-FF8D-4A4D-BE30-0AA7E805396A}.Debug|x86.Build.0 = Debug|Any CPU
		{03D7B00D-FF8D-4A4D-BE30-0AA7E805396A}.Release|Any CPU.ActiveCfg = Release|Any CPU
		{03D7B00D-FF8D-4A4D-BE30-0AA7E805396A}.Release|Any CPU.Build.0 = Release|Any CPU
		{03D7B00D-FF8D-4A4D-BE30-0AA7E805396A}.Release|x64.ActiveCfg = Release|Any CPU
		{03D7B00D-FF8D-4A4D-BE30-0AA7E805396A}.Release|x64.Build.0 = Release|Any CPU
		{03D7B00D-FF8D-4A4D-BE30-0AA7E805396A}.Release|x86.ActiveCfg = Release|Any CPU
		{03D7B00D-FF8D-4A4D-BE30-0AA7E805396A}.Release|x86.Build.0 = Release|Any CPU
		{462607E6-BFC8-4CEC-B03C-71C347AF8ACF}.Debug|Any CPU.ActiveCfg = Debug|Any CPU
		{462607E6-BFC8-4CEC-B03C-71C347AF8ACF}.Debug|Any CPU.Build.0 = Debug|Any CPU
		{462607E6-BFC8-4CEC-B03C-71C347AF8ACF}.Debug|x64.ActiveCfg = Debug|Any CPU
		{462607E6-BFC8-4CEC-B03C-71C347AF8ACF}.Debug|x64.Build.0 = Debug|Any CPU
		{462607E6-BFC8-4CEC-B03C-71C347AF8ACF}.Debug|x86.ActiveCfg = Debug|Any CPU
		{462607E6-BFC8-4CEC-B03C-71C347AF8ACF}.Debug|x86.Build.0 = Debug|Any CPU
		{462607E6-BFC8-4CEC-B03C-71C347AF8ACF}.Release|Any CPU.ActiveCfg = Release|Any CPU
		{462607E6-BFC8-4CEC-B03C-71C347AF8ACF}.Release|Any CPU.Build.0 = Release|Any CPU
		{462607E6-BFC8-4CEC-B03C-71C347AF8ACF}.Release|x64.ActiveCfg = Release|Any CPU
		{462607E6-BFC8-4CEC-B03C-71C347AF8ACF}.Release|x64.Build.0 = Release|Any CPU
		{462607E6-BFC8-4CEC-B03C-71C347AF8ACF}.Release|x86.ActiveCfg = Release|Any CPU
		{462607E6-BFC8-4CEC-B03C-71C347AF8ACF}.Release|x86.Build.0 = Release|Any CPU
		{77E8928E-2CE3-4CBC-ACCC-EB10742C894C}.Debug|Any CPU.ActiveCfg = Debug|Any CPU
		{77E8928E-2CE3-4CBC-ACCC-EB10742C894C}.Debug|Any CPU.Build.0 = Debug|Any CPU
		{77E8928E-2CE3-4CBC-ACCC-EB10742C894C}.Debug|x64.ActiveCfg = Debug|Any CPU
		{77E8928E-2CE3-4CBC-ACCC-EB10742C894C}.Debug|x64.Build.0 = Debug|Any CPU
		{77E8928E-2CE3-4CBC-ACCC-EB10742C894C}.Debug|x86.ActiveCfg = Debug|Any CPU
		{77E8928E-2CE3-4CBC-ACCC-EB10742C894C}.Debug|x86.Build.0 = Debug|Any CPU
		{77E8928E-2CE3-4CBC-ACCC-EB10742C894C}.Release|Any CPU.ActiveCfg = Release|Any CPU
		{77E8928E-2CE3-4CBC-ACCC-EB10742C894C}.Release|Any CPU.Build.0 = Release|Any CPU
		{77E8928E-2CE3-4CBC-ACCC-EB10742C894C}.Release|x64.ActiveCfg = Release|Any CPU
		{77E8928E-2CE3-4CBC-ACCC-EB10742C894C}.Release|x64.Build.0 = Release|Any CPU
		{77E8928E-2CE3-4CBC-ACCC-EB10742C894C}.Release|x86.ActiveCfg = Release|Any CPU
		{77E8928E-2CE3-4CBC-ACCC-EB10742C894C}.Release|x86.Build.0 = Release|Any CPU
		{68AF7642-1C0A-4EDC-89A2-2280CB643A4D}.Debug|Any CPU.ActiveCfg = Debug|Any CPU
		{68AF7642-1C0A-4EDC-89A2-2280CB643A4D}.Debug|Any CPU.Build.0 = Debug|Any CPU
		{68AF7642-1C0A-4EDC-89A2-2280CB643A4D}.Debug|x64.ActiveCfg = Debug|Any CPU
		{68AF7642-1C0A-4EDC-89A2-2280CB643A4D}.Debug|x64.Build.0 = Debug|Any CPU
		{68AF7642-1C0A-4EDC-89A2-2280CB643A4D}.Debug|x86.ActiveCfg = Debug|Any CPU
		{68AF7642-1C0A-4EDC-89A2-2280CB643A4D}.Debug|x86.Build.0 = Debug|Any CPU
		{68AF7642-1C0A-4EDC-89A2-2280CB643A4D}.Release|Any CPU.ActiveCfg = Release|Any CPU
		{68AF7642-1C0A-4EDC-89A2-2280CB643A4D}.Release|Any CPU.Build.0 = Release|Any CPU
		{68AF7642-1C0A-4EDC-89A2-2280CB643A4D}.Release|x64.ActiveCfg = Release|Any CPU
		{68AF7642-1C0A-4EDC-89A2-2280CB643A4D}.Release|x64.Build.0 = Release|Any CPU
		{68AF7642-1C0A-4EDC-89A2-2280CB643A4D}.Release|x86.ActiveCfg = Release|Any CPU
		{68AF7642-1C0A-4EDC-89A2-2280CB643A4D}.Release|x86.Build.0 = Release|Any CPU
		{A8A4346E-13D8-4691-8F5E-2C6DDA8374A6}.Debug|Any CPU.ActiveCfg = Debug|Any CPU
		{A8A4346E-13D8-4691-8F5E-2C6DDA8374A6}.Debug|Any CPU.Build.0 = Debug|Any CPU
		{A8A4346E-13D8-4691-8F5E-2C6DDA8374A6}.Debug|x64.ActiveCfg = Debug|Any CPU
		{A8A4346E-13D8-4691-8F5E-2C6DDA8374A6}.Debug|x64.Build.0 = Debug|Any CPU
		{A8A4346E-13D8-4691-8F5E-2C6DDA8374A6}.Debug|x86.ActiveCfg = Debug|Any CPU
		{A8A4346E-13D8-4691-8F5E-2C6DDA8374A6}.Debug|x86.Build.0 = Debug|Any CPU
		{A8A4346E-13D8-4691-8F5E-2C6DDA8374A6}.Release|Any CPU.ActiveCfg = Release|Any CPU
		{A8A4346E-13D8-4691-8F5E-2C6DDA8374A6}.Release|Any CPU.Build.0 = Release|Any CPU
		{A8A4346E-13D8-4691-8F5E-2C6DDA8374A6}.Release|x64.ActiveCfg = Release|Any CPU
		{A8A4346E-13D8-4691-8F5E-2C6DDA8374A6}.Release|x64.Build.0 = Release|Any CPU
		{A8A4346E-13D8-4691-8F5E-2C6DDA8374A6}.Release|x86.ActiveCfg = Release|Any CPU
		{A8A4346E-13D8-4691-8F5E-2C6DDA8374A6}.Release|x86.Build.0 = Release|Any CPU
	EndGlobalSection
	GlobalSection(SolutionProperties) = preSolution
		HideSolutionNode = FALSE
	EndGlobalSection
	GlobalSection(NestedProjects) = preSolution
		{667C1D31-B097-496E-AB4E-A3CC20F1461D} = {712F0ACB-6CC3-442B-98F0-2F9A964CB774}
		{FEFC65EC-DECF-4D5C-9B4D-E2DE32960ED7} = {712F0ACB-6CC3-442B-98F0-2F9A964CB774}
		{E10760C3-D128-43AF-A323-E838E2BF1146} = {712F0ACB-6CC3-442B-98F0-2F9A964CB774}
		{1BE38A28-29F1-48F4-9476-73BE4652E586} = {712F0ACB-6CC3-442B-98F0-2F9A964CB774}
		{4AD4F2F6-2310-46B2-A6C8-0501087BA0D8} = {712F0ACB-6CC3-442B-98F0-2F9A964CB774}
		{A6A38156-4F3B-4528-8F98-E006F9CC2D54} = {712F0ACB-6CC3-442B-98F0-2F9A964CB774}
		{2EA9BAFA-1058-42E8-83FC-91A821A72DD0} = {712F0ACB-6CC3-442B-98F0-2F9A964CB774}
		{6ABC34CB-7626-4554-A6AE-EAA3B2643D9B} = {712F0ACB-6CC3-442B-98F0-2F9A964CB774}
		{03D7B00D-FF8D-4A4D-BE30-0AA7E805396A} = {712F0ACB-6CC3-442B-98F0-2F9A964CB774}
		{462607E6-BFC8-4CEC-B03C-71C347AF8ACF} = {712F0ACB-6CC3-442B-98F0-2F9A964CB774}
		{77E8928E-2CE3-4CBC-ACCC-EB10742C894C} = {712F0ACB-6CC3-442B-98F0-2F9A964CB774}
		{68AF7642-1C0A-4EDC-89A2-2280CB643A4D} = {712F0ACB-6CC3-442B-98F0-2F9A964CB774}
		{A8A4346E-13D8-4691-8F5E-2C6DDA8374A6} = {712F0ACB-6CC3-442B-98F0-2F9A964CB774}
	EndGlobalSection
	GlobalSection(ExtensibilityGlobals) = postSolution
		SolutionGuid = {FF30430D-A207-4029-B5A3-376C908C7090}
	EndGlobalSection
EndGlobal
